
Microsoft Visual Studio Solution File, Format Version 12.00
# Visual Studio Version 17
VisualStudioVersion = 17.8.34511.84
MinimumVisualStudioVersion = 10.0.40219.1
Project("{FAE04EC0-301F-11D3-BF4B-00C04F79EFBC}") = "DapperDemo", "DapperDemo\DapperDemo.csproj", "{F88926D8-907F-4AE7-898E-67E795EC33AA}"
EndProject
Global
	GlobalSection(SolutionConfigurationPlatforms) = preSolution
		Debug|Any CPU = Debug|Any CPU
		Release|Any CPU = Release|Any CPU
	EndGlobalSection
	GlobalSection(ProjectConfigurationPlatforms) = postSolution
		{F88926D8-907F-4AE7-898E-67E795EC33AA}.Debug|Any CPU.ActiveCfg = Debug|Any CPU
		{F88926D8-907F-4AE7-898E-67E795EC33AA}.Debug|Any CPU.Build.0 = Debug|Any CPU
		{F88926D8-907F-4AE7-898E-67E795EC33AA}.Release|Any CPU.ActiveCfg = Release|Any CPU
		{F88926D8-907F-4AE7-898E-67E795EC33AA}.Release|Any CPU.Build.0 = Release|Any CPU
	EndGlobalSection
	GlobalSection(SolutionProperties) = preSolution
		HideSolutionNode = FALSE
	EndGlobalSection
	GlobalSection(ExtensibilityGlobals) = postSolution
		SolutionGuid = {92480850-9578-4B15-9F38-6EF143B8E041}
	EndGlobalSection
EndGlobal
